
Microsoft Visual Studio Solution File, Format Version 12.00
# Visual Studio Version 16
VisualStudioVersion = 16.0.31515.178
MinimumVisualStudioVersion = 10.0.40219.1
Project("{FAE04EC0-301F-11D3-BF4B-00C04F79EFBC}") = "FSD.Net- Submissions", "FSD.Net- Submissions.csproj", "{132B43E7-013D-43AA-8630-2F6FFC22F155}"
EndProject
Global
	GlobalSection(SolutionConfigurationPlatforms) = preSolution
		Debug|Any CPU = Debug|Any CPU
		Release|Any CPU = Release|Any CPU
	EndGlobalSection
	GlobalSection(ProjectConfigurationPlatforms) = postSolution
		{132B43E7-013D-43AA-8630-2F6FFC22F155}.Debug|Any CPU.ActiveCfg = Debug|Any CPU
		{132B43E7-013D-43AA-8630-2F6FFC22F155}.Debug|Any CPU.Build.0 = Debug|Any CPU
		{132B43E7-013D-43AA-8630-2F6FFC22F155}.Release|Any CPU.ActiveCfg = Release|Any CPU
		{132B43E7-013D-43AA-8630-2F6FFC22F155}.Release|Any CPU.Build.0 = Release|Any CPU
	EndGlobalSection
	GlobalSection(SolutionProperties) = preSolution
		HideSolutionNode = FALSE
	EndGlobalSection
	GlobalSection(ExtensibilityGlobals) = postSolution
		SolutionGuid = {B9F4F86D-D99D-4A39-8EE4-6F0397978649}
	EndGlobalSection
EndGlobal
