
Microsoft Visual Studio Solution File, Format Version 12.00
# Visual Studio Version 16
VisualStudioVersion = 16.0.32413.511
MinimumVisualStudioVersion = 10.0.40219.1
Project("{FAE04EC0-301F-11D3-BF4B-00C04F79EFBC}") = "Phase2 Submission", "Phase2 Submission.csproj", "{7CFBAD39-795A-4892-9CFA-F7B4084E5854}"
EndProject
Global
	GlobalSection(SolutionConfigurationPlatforms) = preSolution
		Debug|Any CPU = Debug|Any CPU
		Release|Any CPU = Release|Any CPU
	EndGlobalSection
	GlobalSection(ProjectConfigurationPlatforms) = postSolution
		{7CFBAD39-795A-4892-9CFA-F7B4084E5854}.Debug|Any CPU.ActiveCfg = Debug|Any CPU
		{7CFBAD39-795A-4892-9CFA-F7B4084E5854}.Debug|Any CPU.Build.0 = Debug|Any CPU
		{7CFBAD39-795A-4892-9CFA-F7B4084E5854}.Release|Any CPU.ActiveCfg = Release|Any CPU
		{7CFBAD39-795A-4892-9CFA-F7B4084E5854}.Release|Any CPU.Build.0 = Release|Any CPU
	EndGlobalSection
	GlobalSection(SolutionProperties) = preSolution
		HideSolutionNode = FALSE
	EndGlobalSection
	GlobalSection(ExtensibilityGlobals) = postSolution
		SolutionGuid = {CAB79FCD-DA28-407A-8834-BEADAA530FC1}
	EndGlobalSection
EndGlobal
